
Microsoft Visual Studio Solution File, Format Version 12.00
# Visual Studio Version 17
VisualStudioVersion = 17.3.32825.248
MinimumVisualStudioVersion = 10.0.40219.1
Project("{8BC9CEB8-8B4A-11D0-8D11-00A0C91BC942}") = "Ejemplo static-const-exception-friend", "Ejemplo static-const-exception-friend.vcxproj", "{48AD524B-4165-4C09-B17D-446D77C20FE1}"
EndProject
Global
	GlobalSection(SolutionConfigurationPlatforms) = preSolution
		Debug|x64 = Debug|x64
		Debug|x86 = Debug|x86
		Release|x64 = Release|x64
		Release|x86 = Release|x86
	EndGlobalSection
	GlobalSection(ProjectConfigurationPlatforms) = postSolution
		{48AD524B-4165-4C09-B17D-446D77C20FE1}.Debug|x64.ActiveCfg = Debug|x64
		{48AD524B-4165-4C09-B17D-446D77C20FE1}.Debug|x64.Build.0 = Debug|x64
		{48AD524B-4165-4C09-B17D-446D77C20FE1}.Debug|x86.ActiveCfg = Debug|Win32
		{48AD524B-4165-4C09-B17D-446D77C20FE1}.Debug|x86.Build.0 = Debug|Win32
		{48AD524B-4165-4C09-B17D-446D77C20FE1}.Release|x64.ActiveCfg = Release|x64
		{48AD524B-4165-4C09-B17D-446D77C20FE1}.Release|x64.Build.0 = Release|x64
		{48AD524B-4165-4C09-B17D-446D77C20FE1}.Release|x86.ActiveCfg = Release|Win32
		{48AD524B-4165-4C09-B17D-446D77C20FE1}.Release|x86.Build.0 = Release|Win32
	EndGlobalSection
	GlobalSection(SolutionProperties) = preSolution
		HideSolutionNode = FALSE
	EndGlobalSection
	GlobalSection(ExtensibilityGlobals) = postSolution
		SolutionGuid = {5D0ADD4F-60D9-487F-942B-68A7FFDD4644}
	EndGlobalSection
EndGlobal
